github.com/BurntSushi/toml v0.0.0-20170626110600-a368813c5e64 h1:BuYewlQyh/jroxY8qx41SrzD8Go17GkyCyAeVmprvQI=
github.com/BurntSushi/toml v0.0.0-20170626110600-a368813c5e64/go.mod h1:xHWCNGjB5oqiDr8zfno3MHue2Ht5sIBksp03qcyfWMU=
github.com/Masterminds/semver v1.2.2 h1:ptelpryog9A0pR4TGFvIAvw2c8SaNrYkFtfrxhSviss=
github.com/Masterminds/semver v1.2.2/go.mod h1:MB6lktGJrhw8PrUyiEoblNEGEQ+RzHPF078ddwwvV3Y=
github.com/Masterminds/sprig v2.14.1+incompatible h1:rTHERm50Xp1Cbb8x7xBCeDp//jMMqqR44EWw7KwSXUQ=
github.com/Masterminds/sprig v2.14.1+incompatible/go.mod h1:y6hNFY5UBTIWBxnzTeuNhlNS5hqE0NB0E6fgfo2Br3o=
github.com/aokoli/goutils v1.0.1 h1:7fpzNGoJ3VA8qcrm++XEE1QUe0mIwNeLa02Nwq7RDkg=
github.com/aokoli/goutils v1.0.1/go.mod h1:SijmP0QR8LtwsmDs8Yii5Z/S4trXFGFC2oO5g9DP+DQ=
github.com/davecgh/go-spew v0.0.0-20170829195320-a47672248388 h1:xOYbryI96Npr2YM3ar+j8HTeiuA+vzxhiwaw+kLCruk=
github.com/davecgh/go-spew v0.0.0-20170829195320-a47672248388/go.mod h1:J7Y8YcW2NihsgmVo/mv3lAwl/skON4iLHjSsI+c5H38=
github.com/gosimple/slug v1.1.1 h1:fRu/digW+NMwBIP+RmviTK97Ho/bEj/C9swrCspN3D4=
github.com/gosimple/slug v1.1.1/go.mod h1:ER78kgg1Mv0NQGlXiDe57DpCyfbNywXXZ9mIorhxAf0=
github.com/huandu/xstrings v1.0.0 h1:pO2K/gKgKaat5LdpAhxhluX2GPQMaI3W5FUz/I/UnWk=
github.com/huandu/xstrings v1.0.0/go.mod h1:4qWG/gcEcfX4z/mBDHJ++3ReCw9ibxbsNJbcucJdbSo=
github.com/imdario/mergo v0.0.0-20160216103600-3e95a51e0639 h1:VMd01CgpBpmLpuERyY4Oibn2PpcVS1fK9sjh5UZG8+o=
github.com/imdario/mergo v0.0.0-20160216103600-3e95a51e0639/go.mod h1:2EnlNZ0deacrJVfApfmtdGgDfMuh/nq6Ok1EcJh5FfA=
github.com/kr/pretty v0.1.0 h1:L/CwN0zerZDmRFUapSPitk6f+Q3+0za1rQkzVuMiMFI=
github.com/kr/pretty v0.1.0/go.mod h1:dAy3ld7l9f0ibDNOQOHHMYYIIbhfbHSm3C4ZsoJORNo=
github.com/kr/pty v1.1.1/go.mod h1:pFQYn66WHrOpPYNljwOMqo10TkYh1fy3cYio2l3bCsQ=
github.com/kr/text v0.1.0 h1:45sCR5RtlFHMR4UwH9sdQ5TC8v0qDQCHnXt+kaKSTVE=
github.com/kr/text v0.1.0/go.mod h1:4Jbv+DJW3UT/LiOwJeYQe1efqtUx/iVham/4vfdArNI=
github.com/miekg/mmark v0.0.0-20170831063344-057eb9e3ae87 h1:8ko7QNSLDgu8xypOkS5krTl5WLY9QGcM/JUbxnzM/ps=
github.com/miekg/mmark v0.0.0-20170831063344-057eb9e3ae87/go.mod h1:w7r9mkTvpS55jlfyn22qJ618itLryxXBhA7Jp3FIlkw=
github.com/mjibson/esc v0.2.0 h1:k96hdaR9Z+nMcnDwNrOvhdBqtjyMrbVyxLpsRCdP2mA=
github.com/mjibson/esc v0.2.0/go.mod h1:9Hw9gxxfHulMF5OJKCyhYD7PzlSdhzXyaGEBRPH1OPs=
github.com/naoina/denco v0.0.0-20161005111611-a2656d3ed566 h1:bO3PC1E3UWUWKWI4eHHhciMnur77srZxQH8iVcYhz5U=
github.com/naoina/denco v0.0.0-20161005111611-a2656d3ed566/go.mod h1:rJwHqj5scxcViM0kq4dh/d1E9sLBeI1snvkNVX4mQGY=
github.com/pkg/errors v0.0.0-20170505043639-c605e284fe17 h1:chPfVn+gpAM5CTpTyVU9j8J+xgRGwmoDlNDLjKnJiYo=
github.com/pkg/errors v0.0.0-20170505043639-c605e284fe17/go.mod h1:bwawxfHBFNV+L2hUp1rHADufV3IMtnDRdf1r5NINEl0=
github.com/pmezard/go-difflib v1.0.0 h1:4DBwDE0NGyQoBHbLQYPwSUPoCMWR5BEzIk/f1lZbAQM=
github.com/pmezard/go-difflib v1.0.0/go.mod h1:iKH77koFhYxTK1pcRnkKkqfTogsbg7gZNVY4sRDYZ/4=
github.com/rainycape/unidecode v0.0.0-20150907023854-cb7f23ec59be h1:ta7tUOvsPHVHGom5hKW5VXNc2xZIkfCKP8iaqOyYtUQ=
github.com/rainycape/unidecode v0.0.0-20150907023854-cb7f23ec59be/go.mod h1:MIDFMn7db1kT65GmV94GzpX9Qdi7N/pQlwb+AN8wh+Q=
github.com/rs/cors v0.0.0-20180524071409-694cf2ad010f h1:xRMgzBZus5+u6ZOTSo4gGR1aq2SJNGZZtFcy4QYn56s=
github.com/rs/cors v0.0.0-20180524071409-694cf2ad010f/go.mod h1:gFx+x8UowdsKA9AchylcLynDq+nNFfI8FkUZdN/jGCU=
github.com/satori/go.uuid v1.2.0 h1:0uYX9dsZ2yD7q2RtLRtPSdGDWzjeM3TbMJP9utgA0ww=
github.com/satori/go.uuid v1.2.0/go.mod h1:dA0hQrYB0VpLJoorglMZABFdXlWrHn1NEOzdhQKdks0=
github.com/stretchr/testify v0.0.0-20170809224252-890a5c3458b4 h1:InXsxTNd7R4kIHKuA052litAUzokFLqjgbmhpUQTAs8=
github.com/stretchr/testify v0.0.0-20170809224252-890a5c3458b4/go.mod h1:a8OnRcib4nhh0OaRAV+Yts87kKdq0PP7pXfy6kDkUVs=
golang.org/x/crypto v0.0.0-20190308221718-c2843e01d9a2 h1:VklqNMn3ovrHsnt90PveolxSbWFaJdECFbxSq0Mqo2M=
golang.org/x/crypto v0.0.0-20190308221718-c2843e01d9a2/go.mod h1:djNgcEr1/C05ACkg1iLfiJU5Ep61QUkGW8qpdssI0+w=
golang.org/x/net v0.0.0-20190311183353-d8887717615a/go.mod h1:t9HGtf8HONx5eT2rtn7q6eTqICYqUVnKs3thJo3Qplg=
golang.org/x/sync v0.0.0-20190423024810-112230192c58/go.mod h1:RxMgew5VJxzue5/jJTE5uejpjVlOe/izrB70Jof72aM=
golang.org/x/sys v0.0.0-20190215142949-d0b11bdaac8a h1:1BGLXjeY4akVXGgbC9HugT3Jv3hCI0z56oJR5vAMgBU=
golang.org/x/sys v0.0.0-20190215142949-d0b11bdaac8a/go.mod h1:STP8DvDyc/dI5b8T5hshtkjS+E42TnysNCUPdjciGhY=
golang.org/x/text v0.3.0/go.mod h1:NqM8EUOU14njkJ3fqMW+pc6Ldnwhi/IjpwHt7yyuwOQ=
golang.org/x/tools v0.0.0-20190506145303-2d16b83fe98c h1:97SnQk1GYRXJgvwZ8fadnxDOWfKvkNQHH3CtZntPSrM=
golang.org/x/tools v0.0.0-20190506145303-2d16b83fe98c/go.mod h1:RgjU9mgBXZiqYHBnxXauZ1Gv1EHHAz9KjViQ78xBX0Q=
gopkg.in/check.v1 v1.0.0-20180628173108-788fd7840127 h1:qIbj1fsPNlZgppZ+VLlY7N33q108Sa+fhmuc+sWQYwY=
gopkg.in/check.v1 v1.0.0-20180628173108-788fd7840127/go.mod h1:Co6ibVJAznAaIkqp8huTwlJQCZ016jof/cbN4VW5Yz0=
gopkg.in/urfave/cli.v1 v1.20.0 h1:NdAVW6RYxDif9DhDHaAortIu956m2c0v+09AZBPTbE0=
gopkg.in/urfave/cli.v1 v1.20.0/go.mod h1:vuBzUtMdQeixQj8LVd+/98pzhxNGQoyuPBlsXHOQNO0=
gopkg.in/yaml.v1 v1.0.0-20140924161607-9f9df34309c0 h1:POO/ycCATvegFmVuPpQzZFJ+pGZeX22Ufu6fibxDVjU=
gopkg.in/yaml.v1 v1.0.0-20140924161607-9f9df34309c0/go.mod h1:WDnlLJ4WF5VGsH/HVa3CI79GS0ol3YnhVnKP89i0kNg=
